
Microsoft Visual Studio Solution File, Format Version 12.00
# Visual Studio Version 17
VisualStudioVersion = 17.9.34701.34
MinimumVisualStudioVersion = 10.0.40219.1
Project("{FAE04EC0-301F-11D3-BF4B-00C04F79EFBC}") = "ClientDatabaseApp", "ClientDatabaseApp\ClientDatabaseApp.csproj", "{ADC26E6D-9FF0-4A1A-AC58-4085CE899E0D}"
EndProject
Project("{FAE04EC0-301F-11D3-BF4B-00C04F79EFBC}") = "UnitTest", "UnitTest\UnitTest.csproj", "{2116077A-FCCF-4962-BCF6-F549A840637E}"
EndProject
Global
	GlobalSection(SolutionConfigurationPlatforms) = preSolution
		Debug|Any CPU = Debug|Any CPU
		Release|Any CPU = Release|Any CPU
	EndGlobalSection
	GlobalSection(ProjectConfigurationPlatforms) = postSolution
		{ADC26E6D-9FF0-4A1A-AC58-4085CE899E0D}.Debug|Any CPU.ActiveCfg = Debug|Any CPU
		{ADC26E6D-9FF0-4A1A-AC58-4085CE899E0D}.Debug|Any CPU.Build.0 = Debug|Any CPU
		{ADC26E6D-9FF0-4A1A-AC58-4085CE899E0D}.Release|Any CPU.ActiveCfg = Release|Any CPU
		{ADC26E6D-9FF0-4A1A-AC58-4085CE899E0D}.Release|Any CPU.Build.0 = Release|Any CPU
		{2116077A-FCCF-4962-BCF6-F549A840637E}.Debug|Any CPU.ActiveCfg = Debug|Any CPU
		{2116077A-FCCF-4962-BCF6-F549A840637E}.Debug|Any CPU.Build.0 = Debug|Any CPU
		{2116077A-FCCF-4962-BCF6-F549A840637E}.Release|Any CPU.ActiveCfg = Release|Any CPU
		{2116077A-FCCF-4962-BCF6-F549A840637E}.Release|Any CPU.Build.0 = Release|Any CPU
	EndGlobalSection
	GlobalSection(SolutionProperties) = preSolution
		HideSolutionNode = FALSE
	EndGlobalSection
	GlobalSection(ExtensibilityGlobals) = postSolution
		SolutionGuid = {A05E375D-177C-4332-9D2C-2F8939DB0B04}
	EndGlobalSection
EndGlobal
